
Microsoft Visual Studio Solution File, Format Version 12.00
# Visual Studio 15
VisualStudioVersion = 15.0.26730.3
MinimumVisualStudioVersion = 10.0.40219.1
Project("{FAE04EC0-301F-11D3-BF4B-00C04F79EFBC}") = "TinyConfig", "TinyConfig\TinyConfig.csproj", "{05BDF1D9-7BEA-4711-AB5A-115A35CEBF6C}"
EndProject
Project("{FAE04EC0-301F-11D3-BF4B-00C04F79EFBC}") = "TinyConfigTests", "TinyConfigTests\TinyConfigTests.csproj", "{87F4E910-D4DA-478D-956F-83737EC6A6D5}"
EndProject
Project("{FAE04EC0-301F-11D3-BF4B-00C04F79EFBC}") = "Utilities", "..\GeneralPurposeLibs\Utilities\Utilities.csproj", "{B76D158D-0AD4-4656-848B-2B33E2684E08}"
EndProject
Project("{FAE04EC0-301F-11D3-BF4B-00C04F79EFBC}") = "Example", "Example\Example.csproj", "{E06F4152-F528-4D86-BDD3-E7864F5531BC}"
EndProject
Project("{FAE04EC0-301F-11D3-BF4B-00C04F79EFBC}") = "Vectors", "..\GeneralPurposeLibs\Vectors\Vectors.csproj", "{839C7D8A-8283-4969-95DD-5E961AA9F922}"
EndProject
Global
	GlobalSection(SolutionConfigurationPlatforms) = preSolution
		Debug|Any CPU = Debug|Any CPU
		Release|Any CPU = Release|Any CPU
	EndGlobalSection
	GlobalSection(ProjectConfigurationPlatforms) = postSolution
		{05BDF1D9-7BEA-4711-AB5A-115A35CEBF6C}.Debug|Any CPU.ActiveCfg = Debug|Any CPU
		{05BDF1D9-7BEA-4711-AB5A-115A35CEBF6C}.Debug|Any CPU.Build.0 = Debug|Any CPU
		{05BDF1D9-7BEA-4711-AB5A-115A35CEBF6C}.Release|Any CPU.ActiveCfg = Release|Any CPU
		{05BDF1D9-7BEA-4711-AB5A-115A35CEBF6C}.Release|Any CPU.Build.0 = Release|Any CPU
		{87F4E910-D4DA-478D-956F-83737EC6A6D5}.Debug|Any CPU.ActiveCfg = Debug|Any CPU
		{87F4E910-D4DA-478D-956F-83737EC6A6D5}.Debug|Any CPU.Build.0 = Debug|Any CPU
		{87F4E910-D4DA-478D-956F-83737EC6A6D5}.Release|Any CPU.ActiveCfg = Release|Any CPU
		{87F4E910-D4DA-478D-956F-83737EC6A6D5}.Release|Any CPU.Build.0 = Release|Any CPU
		{B76D158D-0AD4-4656-848B-2B33E2684E08}.Debug|Any CPU.ActiveCfg = Debug|Any CPU
		{B76D158D-0AD4-4656-848B-2B33E2684E08}.Debug|Any CPU.Build.0 = Debug|Any CPU
		{B76D158D-0AD4-4656-848B-2B33E2684E08}.Release|Any CPU.ActiveCfg = Release|Any CPU
		{B76D158D-0AD4-4656-848B-2B33E2684E08}.Release|Any CPU.Build.0 = Release|Any CPU
		{E06F4152-F528-4D86-BDD3-E7864F5531BC}.Debug|Any CPU.ActiveCfg = Debug|Any CPU
		{E06F4152-F528-4D86-BDD3-E7864F5531BC}.Debug|Any CPU.Build.0 = Debug|Any CPU
		{E06F4152-F528-4D86-BDD3-E7864F5531BC}.Release|Any CPU.ActiveCfg = Release|Any CPU
		{E06F4152-F528-4D86-BDD3-E7864F5531BC}.Release|Any CPU.Build.0 = Release|Any CPU
		{839C7D8A-8283-4969-95DD-5E961AA9F922}.Debug|Any CPU.ActiveCfg = Debug|Any CPU
		{839C7D8A-8283-4969-95DD-5E961AA9F922}.Debug|Any CPU.Build.0 = Debug|Any CPU
		{839C7D8A-8283-4969-95DD-5E961AA9F922}.Release|Any CPU.ActiveCfg = Release|Any CPU
		{839C7D8A-8283-4969-95DD-5E961AA9F922}.Release|Any CPU.Build.0 = Release|Any CPU
	EndGlobalSection
	GlobalSection(SolutionProperties) = preSolution
		HideSolutionNode = FALSE
	EndGlobalSection
	GlobalSection(ExtensibilityGlobals) = postSolution
		SolutionGuid = {BBD754D1-7CE2-4A39-A304-75921C783976}
	EndGlobalSection
EndGlobal
